
Microsoft Visual Studio Solution File, Format Version 12.00
# Visual Studio Version 17
VisualStudioVersion = 17.3.32929.385
MinimumVisualStudioVersion = 10.0.40219.1
Project("{FAE04EC0-301F-11D3-BF4B-00C04F79EFBC}") = "GameInventoryConsoleApp", "GameInventoryConsoleApp.csproj", "{4E51F4F1-1AAE-469A-8992-60090F1AA8CC}"
EndProject
Global
	GlobalSection(SolutionConfigurationPlatforms) = preSolution
		Debug|Any CPU = Debug|Any CPU
		Release|Any CPU = Release|Any CPU
	EndGlobalSection
	GlobalSection(ProjectConfigurationPlatforms) = postSolution
		{4E51F4F1-1AAE-469A-8992-60090F1AA8CC}.Debug|Any CPU.ActiveCfg = Debug|Any CPU
		{4E51F4F1-1AAE-469A-8992-60090F1AA8CC}.Debug|Any CPU.Build.0 = Debug|Any CPU
		{4E51F4F1-1AAE-469A-8992-60090F1AA8CC}.Release|Any CPU.ActiveCfg = Release|Any CPU
		{4E51F4F1-1AAE-469A-8992-60090F1AA8CC}.Release|Any CPU.Build.0 = Release|Any CPU
	EndGlobalSection
	GlobalSection(SolutionProperties) = preSolution
		HideSolutionNode = FALSE
	EndGlobalSection
	GlobalSection(ExtensibilityGlobals) = postSolution
		SolutionGuid = {4EA58DB4-6256-47D3-9F19-CA65BFC3D48F}
	EndGlobalSection
EndGlobal
